
Microsoft Visual Studio Solution File, Format Version 12.00
# Visual Studio Version 17
VisualStudioVersion = 17.14.37216.2 d17.14
MinimumVisualStudioVersion = 10.0.40219.1
Project("{FAE04EC0-301F-11D3-BF4B-00C04F79EFBC}") = "SmartLife", "SmartLife\SmartLife.csproj", "{D75E753C-48AD-42D9-B813-095A35E2EF38}"
EndProject
Global
	GlobalSection(SolutionConfigurationPlatforms) = preSolution
		Debug|Any CPU = Debug|Any CPU
		Release|Any CPU = Release|Any CPU
	EndGlobalSection
	GlobalSection(ProjectConfigurationPlatforms) = postSolution
		{D75E753C-48AD-42D9-B813-095A35E2EF38}.Debug|Any CPU.ActiveCfg = Debug|Any CPU
		{D75E753C-48AD-42D9-B813-095A35E2EF38}.Debug|Any CPU.Build.0 = Debug|Any CPU
		{D75E753C-48AD-42D9-B813-095A35E2EF38}.Release|Any CPU.ActiveCfg = Release|Any CPU
		{D75E753C-48AD-42D9-B813-095A35E2EF38}.Release|Any CPU.Build.0 = Release|Any CPU
	EndGlobalSection
	GlobalSection(SolutionProperties) = preSolution
		HideSolutionNode = FALSE
	EndGlobalSection
	GlobalSection(ExtensibilityGlobals) = postSolution
		SolutionGuid = {434DE74C-0B4C-4957-9B76-EB050BF173A4}
	EndGlobalSection
EndGlobal
