
Microsoft Visual Studio Solution File, Format Version 12.00
# Visual Studio Version 17
VisualStudioVersion = 17.14.37216.2 d17.14
MinimumVisualStudioVersion = 10.0.40219.1
Project("{FAE04EC0-301F-11D3-BF4B-00C04F79EFBC}") = "BiletSinema", "BiletSinema\BiletSinema.csproj", "{5D5CDAD5-214E-4774-8A40-97C91CBA0F0D}"
EndProject
Global
	GlobalSection(SolutionConfigurationPlatforms) = preSolution
		Debug|Any CPU = Debug|Any CPU
		Release|Any CPU = Release|Any CPU
	EndGlobalSection
	GlobalSection(ProjectConfigurationPlatforms) = postSolution
		{5D5CDAD5-214E-4774-8A40-97C91CBA0F0D}.Debug|Any CPU.ActiveCfg = Debug|Any CPU
		{5D5CDAD5-214E-4774-8A40-97C91CBA0F0D}.Debug|Any CPU.Build.0 = Debug|Any CPU
		{5D5CDAD5-214E-4774-8A40-97C91CBA0F0D}.Release|Any CPU.ActiveCfg = Release|Any CPU
		{5D5CDAD5-214E-4774-8A40-97C91CBA0F0D}.Release|Any CPU.Build.0 = Release|Any CPU
	EndGlobalSection
	GlobalSection(SolutionProperties) = preSolution
		HideSolutionNode = FALSE
	EndGlobalSection
	GlobalSection(ExtensibilityGlobals) = postSolution
		SolutionGuid = {F292C7D5-D999-44AC-B6CD-7FB74CEA99E4}
	EndGlobalSection
EndGlobal
