
Microsoft Visual Studio Solution File, Format Version 12.00
# Visual Studio Version 17
VisualStudioVersion = 17.14.37216.2 d17.14
MinimumVisualStudioVersion = 10.0.40219.1
Project("{FAE04EC0-301F-11D3-BF4B-00C04F79EFBC}") = "gardrobum", "gardrobum\gardrobum.csproj", "{374DB010-0E9A-4DBD-A622-A79132E89589}"
EndProject
Global
	GlobalSection(SolutionConfigurationPlatforms) = preSolution
		Debug|Any CPU = Debug|Any CPU
		Release|Any CPU = Release|Any CPU
	EndGlobalSection
	GlobalSection(ProjectConfigurationPlatforms) = postSolution
		{374DB010-0E9A-4DBD-A622-A79132E89589}.Debug|Any CPU.ActiveCfg = Debug|Any CPU
		{374DB010-0E9A-4DBD-A622-A79132E89589}.Debug|Any CPU.Build.0 = Debug|Any CPU
		{374DB010-0E9A-4DBD-A622-A79132E89589}.Release|Any CPU.ActiveCfg = Release|Any CPU
		{374DB010-0E9A-4DBD-A622-A79132E89589}.Release|Any CPU.Build.0 = Release|Any CPU
	EndGlobalSection
	GlobalSection(SolutionProperties) = preSolution
		HideSolutionNode = FALSE
	EndGlobalSection
	GlobalSection(ExtensibilityGlobals) = postSolution
		SolutionGuid = {56CA0645-CDC7-414D-8146-12EAE97452C9}
	EndGlobalSection
EndGlobal
